// !$*UTF8*$!
{
	archiveVersion = 1;
	classes = {
	};
	objectVersion = 48;
	objects = {

/* Begin PBXBuildFile section */
		19656A432084A98E00954EFE /* MoviePartViewController.swift in Sources */ = {isa = PBXBuildFile; fileRef = 19656A422084A98E00954EFE /* MoviePartViewController.swift */; };
		19656A452084A9AF00954EFE /* CastPartViewController.swift in Sources */ = {isa = PBXBuildFile; fileRef = 19656A442084A9AF00954EFE /* CastPartViewController.swift */; };
		1980C44B208101EF00531232 /* DetailMovieViewController.swift in Sources */ = {isa = PBXBuildFile; fileRef = 1980C44A208101EF00531232 /* DetailMovieViewController.swift */; };
		19C90A69208A4032004AA1D7 /* CastData.swift in Sources */ = {isa = PBXBuildFile; fileRef = 19C90A68208A4032004AA1D7 /* CastData.swift */; };
		19C90A6C208A43CB004AA1D7 /* CustomCollectionViewCell.swift in Sources */ = {isa = PBXBuildFile; fileRef = 19C90A6B208A43CB004AA1D7 /* CustomCollectionViewCell.swift */; };
		FA09D68D2074F2E20041F856 /* TeamData.swift in Sources */ = {isa = PBXBuildFile; fileRef = FA09D68C2074F2E20041F856 /* TeamData.swift */; };
		FA11A52B207505E900C6E691 /* DataController.swift in Sources */ = {isa = PBXBuildFile; fileRef = FA11A52A207505E900C6E691 /* DataController.swift */; };
		FA14F932206273E400F52EE1 /* MovieData.swift in Sources */ = {isa = PBXBuildFile; fileRef = FA14F931206273E400F52EE1 /* MovieData.swift */; };
		FA20EE7420594D3400EC9788 /* AppDelegate.swift in Sources */ = {isa = PBXBuildFile; fileRef = FA20EE7320594D3400EC9788 /* AppDelegate.swift */; };
		FA20EE7620594D3400EC9788 /* ViewController.swift in Sources */ = {isa = PBXBuildFile; fileRef = FA20EE7520594D3400EC9788 /* ViewController.swift */; };
		FA20EE7920594D3400EC9788 /* Main.storyboard in Resources */ = {isa = PBXBuildFile; fileRef = FA20EE7720594D3400EC9788 /* Main.storyboard */; };
		FA20EE7B20594D3400EC9788 /* Assets.xcassets in Resources */ = {isa = PBXBuildFile; fileRef = FA20EE7A20594D3400EC9788 /* Assets.xcassets */; };
		FA20EE7E20594D3400EC9788 /* LaunchScreen.storyboard in Resources */ = {isa = PBXBuildFile; fileRef = FA20EE7C20594D3400EC9788 /* LaunchScreen.storyboard */; };
		FA20EE8820594E7500EC9788 /* LaunchViewController.swift in Sources */ = {isa = PBXBuildFile; fileRef = FA20EE8720594E7500EC9788 /* LaunchViewController.swift */; };
		FA20EE8B2059504D00EC9788 /* CoreData.framework in Frameworks */ = {isa = PBXBuildFile; fileRef = FA20EE8A2059504D00EC9788 /* CoreData.framework */; };
		FA20EE8E2059508F00EC9788 /* MovieSeenData.xcdatamodeld in Sources */ = {isa = PBXBuildFile; fileRef = FA20EE8C2059508F00EC9788 /* MovieSeenData.xcdatamodeld */; };
		FA20EE9020595CA000EC9788 /* SearchViewController.swift in Sources */ = {isa = PBXBuildFile; fileRef = FA20EE8F20595CA000EC9788 /* SearchViewController.swift */; };
		FA5DCA41206BB3FC00F28B3F /* CustomTableViewCell.swift in Sources */ = {isa = PBXBuildFile; fileRef = FA5DCA40206BB3FC00F28B3F /* CustomTableViewCell.swift */; };
		FA5DCA43206BE4C100F28B3F /* AddMovieViewController.swift in Sources */ = {isa = PBXBuildFile; fileRef = FA5DCA42206BE4C100F28B3F /* AddMovieViewController.swift */; };
/* End PBXBuildFile section */

/* Begin PBXFileReference section */
		19656A422084A98E00954EFE /* MoviePartViewController.swift */ = {isa = PBXFileReference; lastKnownFileType = sourcecode.swift; path = MoviePartViewController.swift; sourceTree = "<group>"; };
		19656A442084A9AF00954EFE /* CastPartViewController.swift */ = {isa = PBXFileReference; lastKnownFileType = sourcecode.swift; path = CastPartViewController.swift; sourceTree = "<group>"; };
		1980C44A208101EF00531232 /* DetailMovieViewController.swift */ = {isa = PBXFileReference; lastKnownFileType = sourcecode.swift; path = DetailMovieViewController.swift; sourceTree = "<group>"; };
		19C90A68208A4032004AA1D7 /* CastData.swift */ = {isa = PBXFileReference; lastKnownFileType = sourcecode.swift; path = CastData.swift; sourceTree = "<group>"; };
		19C90A6B208A43CB004AA1D7 /* CustomCollectionViewCell.swift */ = {isa = PBXFileReference; lastKnownFileType = sourcecode.swift; path = CustomCollectionViewCell.swift; sourceTree = "<group>"; };
		FA09D68C2074F2E20041F856 /* TeamData.swift */ = {isa = PBXFileReference; lastKnownFileType = sourcecode.swift; path = TeamData.swift; sourceTree = "<group>"; };
		FA11A52A207505E900C6E691 /* DataController.swift */ = {isa = PBXFileReference; lastKnownFileType = sourcecode.swift; path = DataController.swift; sourceTree = "<group>"; };
		FA14F931206273E400F52EE1 /* MovieData.swift */ = {isa = PBXFileReference; lastKnownFileType = sourcecode.swift; path = MovieData.swift; sourceTree = "<group>"; };
		FA20EE7020594D3400EC9788 /* MovieProj.app */ = {isa = PBXFileReference; explicitFileType = wrapper.application; includeInIndex = 0; path = MovieProj.app; sourceTree = BUILT_PRODUCTS_DIR; };
		FA20EE7320594D3400EC9788 /* AppDelegate.swift */ = {isa = PBXFileReference; lastKnownFileType = sourcecode.swift; path = AppDelegate.swift; sourceTree = "<group>"; };
		FA20EE7520594D3400EC9788 /* ViewController.swift */ = {isa = PBXFileReference; lastKnownFileType = sourcecode.swift; path = ViewController.swift; sourceTree = "<group>"; };
		FA20EE7820594D3400EC9788 /* Base */ = {isa = PBXFileReference; lastKnownFileType = file.storyboard; name = Base; path = Base.lproj/Main.storyboard; sourceTree = "<group>"; };
		FA20EE7A20594D3400EC9788 /* Assets.xcassets */ = {isa = PBXFileReference; lastKnownFileType = folder.assetcatalog; path = Assets.xcassets; sourceTree = "<group>"; };
		FA20EE7D20594D3400EC9788 /* Base */ = {isa = PBXFileReference; lastKnownFileType = file.storyboard; name = Base; path = Base.lproj/LaunchScreen.storyboard; sourceTree = "<group>"; };
		FA20EE7F20594D3400EC9788 /* Info.plist */ = {isa = PBXFileReference; lastKnownFileType = text.plist.xml; path = Info.plist; sourceTree = "<group>"; };
		FA20EE8720594E7500EC9788 /* LaunchViewController.swift */ = {isa = PBXFileReference; lastKnownFileType = sourcecode.swift; path = LaunchViewController.swift; sourceTree = "<group>"; };
		FA20EE8A2059504D00EC9788 /* CoreData.framework */ = {isa = PBXFileReference; lastKnownFileType = wrapper.framework; name = CoreData.framework; path = System/Library/Frameworks/CoreData.framework; sourceTree = SDKROOT; };
		FA20EE8D2059508F00EC9788 /* MovieSeenData.xcdatamodel */ = {isa = PBXFileReference; lastKnownFileType = wrapper.xcdatamodel; path = MovieSeenData.xcdatamodel; sourceTree = "<group>"; };
		FA20EE8F20595CA000EC9788 /* SearchViewController.swift */ = {isa = PBXFileReference; lastKnownFileType = sourcecode.swift; path = SearchViewController.swift; sourceTree = "<group>"; };
		FA5DCA40206BB3FC00F28B3F /* CustomTableViewCell.swift */ = {isa = PBXFileReference; lastKnownFileType = sourcecode.swift; path = CustomTableViewCell.swift; sourceTree = "<group>"; };
		FA5DCA42206BE4C100F28B3F /* AddMovieViewController.swift */ = {isa = PBXFileReference; lastKnownFileType = sourcecode.swift; path = AddMovieViewController.swift; sourceTree = "<group>"; };
/* End PBXFileReference section */

/* Begin PBXFrameworksBuildPhase section */
		FA20EE6D20594D3400EC9788 /* Frameworks */ = {
			isa = PBXFrameworksBuildPhase;
			buildActionMask = 2147483647;
			files = (
				FA20EE8B2059504D00EC9788 /* CoreData.framework in Frameworks */,
			);
			runOnlyForDeploymentPostprocessing = 0;
		};
/* End PBXFrameworksBuildPhase section */

/* Begin PBXGroup section */
		19C90A6A208A438D004AA1D7 /* CustomCell */ = {
			isa = PBXGroup;
			children = (
				FA5DCA40206BB3FC00F28B3F /* CustomTableViewCell.swift */,
				19C90A6B208A43CB004AA1D7 /* CustomCollectionViewCell.swift */,
			);
			path = CustomCell;
			sourceTree = "<group>";
		};
		FA14F933206273ED00F52EE1 /* Model */ = {
			isa = PBXGroup;
			children = (
				FA14F931206273E400F52EE1 /* MovieData.swift */,
				FA09D68C2074F2E20041F856 /* TeamData.swift */,
				19C90A68208A4032004AA1D7 /* CastData.swift */,
			);
			path = Model;
			sourceTree = "<group>";
		};
		FA20EE6720594D3400EC9788 = {
			isa = PBXGroup;
			children = (
				FA20EE8C2059508F00EC9788 /* MovieSeenData.xcdatamodeld */,
				FA20EE7220594D3400EC9788 /* MovieProj */,
				FA20EE7120594D3400EC9788 /* Products */,
				FA20EE892059504D00EC9788 /* Frameworks */,
			);
			sourceTree = "<group>";
		};
		FA20EE7120594D3400EC9788 /* Products */ = {
			isa = PBXGroup;
			children = (
				FA20EE7020594D3400EC9788 /* MovieProj.app */,
			);
			name = Products;
			sourceTree = "<group>";
		};
		FA20EE7220594D3400EC9788 /* MovieProj */ = {
			isa = PBXGroup;
			children = (
				19C90A6A208A438D004AA1D7 /* CustomCell */,
				FA14F933206273ED00F52EE1 /* Model */,
				FA20EE8620594E4C00EC9788 /* ViewController */,
				FA20EE8520594E1E00EC9788 /* View */,
				FA20EE7320594D3400EC9788 /* AppDelegate.swift */,
				FA20EE7A20594D3400EC9788 /* Assets.xcassets */,
				FA20EE7F20594D3400EC9788 /* Info.plist */,
				FA11A52A207505E900C6E691 /* DataController.swift */,
			);
			path = MovieProj;
			sourceTree = "<group>";
		};
		FA20EE8520594E1E00EC9788 /* View */ = {
			isa = PBXGroup;
			children = (
				FA20EE7720594D3400EC9788 /* Main.storyboard */,
				FA20EE7C20594D3400EC9788 /* LaunchScreen.storyboard */,
			);
			path = View;
			sourceTree = "<group>";
		};
		FA20EE8620594E4C00EC9788 /* ViewController */ = {
			isa = PBXGroup;
			children = (
				FA20EE7520594D3400EC9788 /* ViewController.swift */,
				FA20EE8720594E7500EC9788 /* LaunchViewController.swift */,
				FA20EE8F20595CA000EC9788 /* SearchViewController.swift */,
				FA5DCA42206BE4C100F28B3F /* AddMovieViewController.swift */,
				1980C44A208101EF00531232 /* DetailMovieViewController.swift */,
				19656A422084A98E00954EFE /* MoviePartViewController.swift */,
				19656A442084A9AF00954EFE /* CastPartViewController.swift */,
			);
			path = ViewController;
			sourceTree = "<group>";
		};
		FA20EE892059504D00EC9788 /* Frameworks */ = {
			isa = PBXGroup;
			children = (
				FA20EE8A2059504D00EC9788 /* CoreData.framework */,
			);
			name = Frameworks;
			sourceTree = "<group>";
		};
/* End PBXGroup section */

/* Begin PBXNativeTarget section */
		FA20EE6F20594D3400EC9788 /* MovieProj */ = {
			isa = PBXNativeTarget;
			buildConfigurationList = FA20EE8220594D3400EC9788 /* Build configuration list for PBXNativeTarget "MovieProj" */;
			buildPhases = (
				FA20EE6C20594D3400EC9788 /* Sources */,
				FA20EE6D20594D3400EC9788 /* Frameworks */,
				FA20EE6E20594D3400EC9788 /* Resources */,
			);
			buildRules = (
			);
			dependencies = (
			);
			name = MovieProj;
			productName = MovieProj;
			productReference = FA20EE7020594D3400EC9788 /* MovieProj.app */;
			productType = "com.apple.product-type.application";
		};
/* End PBXNativeTarget section */

/* Begin PBXProject section */
		FA20EE6820594D3400EC9788 /* Project object */ = {
			isa = PBXProject;
			attributes = {
				LastSwiftUpdateCheck = 0920;
				LastUpgradeCheck = 0920;
				ORGANIZATIONNAME = Alex;
				TargetAttributes = {
					FA20EE6F20594D3400EC9788 = {
						CreatedOnToolsVersion = 9.2;
						ProvisioningStyle = Automatic;
					};
				};
			};
			buildConfigurationList = FA20EE6B20594D3400EC9788 /* Build configuration list for PBXProject "MovieProj" */;
			compatibilityVersion = "Xcode 8.0";
			developmentRegion = en;
			hasScannedForEncodings = 0;
			knownRegions = (
				en,
				Base,
			);
			mainGroup = FA20EE6720594D3400EC9788;
			productRefGroup = FA20EE7120594D3400EC9788 /* Products */;
			projectDirPath = "";
			projectRoot = "";
			targets = (
				FA20EE6F20594D3400EC9788 /* MovieProj */,
			);
		};
/* End PBXProject section */

/* Begin PBXResourcesBuildPhase section */
		FA20EE6E20594D3400EC9788 /* Resources */ = {
			isa = PBXResourcesBuildPhase;
			buildActionMask = 2147483647;
			files = (
				FA20EE7E20594D3400EC9788 /* LaunchScreen.storyboard in Resources */,
				FA20EE7B20594D3400EC9788 /* Assets.xcassets in Resources */,
				FA20EE7920594D3400EC9788 /* Main.storyboard in Resources */,
			);
			runOnlyForDeploymentPostprocessing = 0;
		};
/* End PBXResourcesBuildPhase section */

/* Begin PBXSourcesBuildPhase section */
		FA20EE6C20594D3400EC9788 /* Sources */ = {
			isa = PBXSourcesBuildPhase;
			buildActionMask = 2147483647;
			files = (
				FA14F932206273E400F52EE1 /* MovieData.swift in Sources */,
				19C90A6C208A43CB004AA1D7 /* CustomCollectionViewCell.swift in Sources */,
				FA20EE9020595CA000EC9788 /* SearchViewController.swift in Sources */,
				19656A432084A98E00954EFE /* MoviePartViewController.swift in Sources */,
				FA20EE7620594D3400EC9788 /* ViewController.swift in Sources */,
				19C90A69208A4032004AA1D7 /* CastData.swift in Sources */,
				FA5DCA41206BB3FC00F28B3F /* CustomTableViewCell.swift in Sources */,
				FA09D68D2074F2E20041F856 /* TeamData.swift in Sources */,
				FA11A52B207505E900C6E691 /* DataController.swift in Sources */,
				FA20EE8820594E7500EC9788 /* LaunchViewController.swift in Sources */,
				FA20EE7420594D3400EC9788 /* AppDelegate.swift in Sources */,
				FA20EE8E2059508F00EC9788 /* MovieSeenData.xcdatamodeld in Sources */,
				FA5DCA43206BE4C100F28B3F /* AddMovieViewController.swift in Sources */,
				19656A452084A9AF00954EFE /* CastPartViewController.swift in Sources */,
				1980C44B208101EF00531232 /* DetailMovieViewController.swift in Sources */,
			);
			runOnlyForDeploymentPostprocessing = 0;
		};
/* End PBXSourcesBuildPhase section */

/* Begin PBXVariantGroup section */
		FA20EE7720594D3400EC9788 /* Main.storyboard */ = {
			isa = PBXVariantGroup;
			children = (
				FA20EE7820594D3400EC9788 /* Base */,
			);
			name = Main.storyboard;
			sourceTree = "<group>";
		};
		FA20EE7C20594D3400EC9788 /* LaunchScreen.storyboard */ = {
			isa = PBXVariantGroup;
			children = (
				FA20EE7D20594D3400EC9788 /* Base */,
			);
			name = LaunchScreen.storyboard;
			sourceTree = "<group>";
		};
/* End PBXVariantGroup section */

/* Begin XCBuildConfiguration section */
		FA20EE8020594D3400EC9788 /* Debug */ = {
			isa = XCBuildConfiguration;
			buildSettings = {
				ALWAYS_SEARCH_USER_PATHS = NO;
				CLANG_ANALYZER_NONNULL = YES;
				CLANG_ANALYZER_NUMBER_OBJECT_CONVERSION = YES_AGGRESSIVE;
				CLANG_CXX_LANGUAGE_STANDARD = "gnu++14";
				CLANG_CXX_LIBRARY = "libc++";
				CLANG_ENABLE_MODULES = YES;
				CLANG_ENABLE_OBJC_ARC = YES;
				CLANG_WARN_BLOCK_CAPTURE_AUTORELEASING = YES;
				CLANG_WARN_BOOL_CONVERSION = YES;
				CLANG_WARN_COMMA = YES;
				CLANG_WARN_CONSTANT_CONVERSION = YES;
				CLANG_WARN_DIRECT_OBJC_ISA_USAGE = YES_ERROR;
				CLANG_WARN_DOCUMENTATION_COMMENTS = YES;
				CLANG_WARN_EMPTY_BODY = YES;
				CLANG_WARN_ENUM_CONVERSION = YES;
				CLANG_WARN_INFINITE_RECURSION = YES;
				CLANG_WARN_INT_CONVERSION = YES;
				CLANG_WARN_NON_LITERAL_NULL_CONVERSION = YES;
				CLANG_WARN_OBJC_LITERAL_CONVERSION = YES;
				CLANG_WARN_OBJC_ROOT_CLASS = YES_ERROR;
				CLANG_WARN_RANGE_LOOP_ANALYSIS = YES;
				CLANG_WARN_STRICT_PROTOTYPES = YES;
				CLANG_WARN_SUSPICIOUS_MOVE = YES;
				CLANG_WARN_UNGUARDED_AVAILABILITY = YES_AGGRESSIVE;
				CLANG_WARN_UNREACHABLE_CODE = YES;
				CLANG_WARN__DUPLICATE_METHOD_MATCH = YES;
				CODE_SIGN_IDENTITY = "iPhone Developer";
				COPY_PHASE_STRIP = NO;
				DEBUG_INFORMATION_FORMAT = dwarf;
				ENABLE_STRICT_OBJC_MSGSEND = YES;
				ENABLE_TESTABILITY = YES;
				GCC_C_LANGUAGE_STANDARD = gnu11;
				GCC_DYNAMIC_NO_PIC = NO;
				GCC_NO_COMMON_BLOCKS = YES;
				GCC_OPTIMIZATION_LEVEL = 0;
				GCC_PREPROCESSOR_DEFINITIONS = (
					"DEBUG=1",
					"$(inherited)",
				);
				GCC_WARN_64_TO_32_BIT_CONVERSION = YES;
				GCC_WARN_ABOUT_RETURN_TYPE = YES_ERROR;
				GCC_WARN_UNDECLARED_SELECTOR = YES;
				GCC_WARN_UNINITIALIZED_AUTOS = YES_AGGRESSIVE;
				GCC_WARN_UNUSED_FUNCTION = YES;
				GCC_WARN_UNUSED_VARIABLE = YES;
				IPHONEOS_DEPLOYMENT_TARGET = 11.2;
				MTL_ENABLE_DEBUG_INFO = YES;
				ONLY_ACTIVE_ARCH = YES;
				SDKROOT = iphoneos;
				SWIFT_ACTIVE_COMPILATION_CONDITIONS = DEBUG;
				SWIFT_OPTIMIZATION_LEVEL = "-Onone";
			};
			name = Debug;
		};
		FA20EE8120594D3400EC9788 /* Release */ = {
			isa = XCBuildConfiguration;
			buildSettings = {
				ALWAYS_SEARCH_USER_PATHS = NO;
				CLANG_ANALYZER_NONNULL = YES;
				CLANG_ANALYZER_NUMBER_OBJECT_CONVERSION = YES_AGGRESSIVE;
				CLANG_CXX_LANGUAGE_STANDARD = "gnu++14";
				CLANG_CXX_LIBRARY = "libc++";
				CLANG_ENABLE_MODULES = YES;
				CLANG_ENABLE_OBJC_ARC = YES;
				CLANG_WARN_BLOCK_CAPTURE_AUTORELEASING = YES;
				CLANG_WARN_BOOL_CONVERSION = YES;
				CLANG_WARN_COMMA = YES;
				CLANG_WARN_CONSTANT_CONVERSION = YES;
				CLANG_WARN_DIRECT_OBJC_ISA_USAGE = YES_ERROR;
				CLANG_WARN_DOCUMENTATION_COMMENTS = YES;
				CLANG_WARN_EMPTY_BODY = YES;
				CLANG_WARN_ENUM_CONVERSION = YES;
				CLANG_WARN_INFINITE_RECURSION = YES;
				CLANG_WARN_INT_CONVERSION = YES;
				CLANG_WARN_NON_LITERAL_NULL_CONVERSION = YES;
				CLANG_WARN_OBJC_LITERAL_CONVERSION = YES;
				CLANG_WARN_OBJC_ROOT_CLASS = YES_ERROR;
				CLANG_WARN_RANGE_LOOP_ANALYSIS = YES;
				CLANG_WARN_STRICT_PROTOTYPES = YES;
				CLANG_WARN_SUSPICIOUS_MOVE = YES;
				CLANG_WARN_UNGUARDED_AVAILABILITY = YES_AGGRESSIVE;
				CLANG_WARN_UNREACHABLE_CODE = YES;
				CLANG_WARN__DUPLICATE_METHOD_MATCH = YES;
				CODE_SIGN_IDENTITY = "iPhone Developer";
				COPY_PHASE_STRIP = NO;
				DEBUG_INFORMATION_FORMAT = "dwarf-with-dsym";
				ENABLE_NS_ASSERTIONS = NO;
				ENABLE_STRICT_OBJC_MSGSEND = YES;
				GCC_C_LANGUAGE_STANDARD = gnu11;
				GCC_NO_COMMON_BLOCKS = YES;
				GCC_WARN_64_TO_32_BIT_CONVERSION = YES;
				GCC_WARN_ABOUT_RETURN_TYPE = YES_ERROR;
				GCC_WARN_UNDECLARED_SELECTOR = YES;
				GCC_WARN_UNINITIALIZED_AUTOS = YES_AGGRESSIVE;
				GCC_WARN_UNUSED_FUNCTION = YES;
				GCC_WARN_UNUSED_VARIABLE = YES;
				IPHONEOS_DEPLOYMENT_TARGET = 11.2;
				MTL_ENABLE_DEBUG_INFO = NO;
				SDKROOT = iphoneos;
				SWIFT_OPTIMIZATION_LEVEL = "-Owholemodule";
				VALIDATE_PRODUCT = YES;
			};
			name = Release;
		};
		FA20EE8320594D3400EC9788 /* Debug */ = {
			isa = XCBuildConfiguration;
			buildSettings = {
				ASSETCATALOG_COMPILER_APPICON_NAME = AppIcon;
				CODE_SIGN_STYLE = Automatic;
				DEVELOPMENT_TEAM = Z9UVUW7D86;
				INFOPLIST_FILE = MovieProj/Info.plist;
				LD_RUNPATH_SEARCH_PATHS = "$(inherited) @executable_path/Frameworks";
				PRODUCT_BUNDLE_IDENTIFIER = com.alex.MovieProj;
				PRODUCT_NAME = "$(TARGET_NAME)";
				SWIFT_VERSION = 4.0;
				TARGETED_DEVICE_FAMILY = "1,2";
			};
			name = Debug;
		};
		FA20EE8420594D3400EC9788 /* Release */ = {
			isa = XCBuildConfiguration;
			buildSettings = {
				ASSETCATALOG_COMPILER_APPICON_NAME = AppIcon;
				CODE_SIGN_STYLE = Automatic;
				DEVELOPMENT_TEAM = Z9UVUW7D86;
				INFOPLIST_FILE = MovieProj/Info.plist;
				LD_RUNPATH_SEARCH_PATHS = "$(inherited) @executable_path/Frameworks";
				PRODUCT_BUNDLE_IDENTIFIER = com.alex.MovieProj;
				PRODUCT_NAME = "$(TARGET_NAME)";
				SWIFT_VERSION = 4.0;
				TARGETED_DEVICE_FAMILY = "1,2";
			};
			name = Release;
		};
/* End XCBuildConfiguration section */

/* Begin XCConfigurationList section */
		FA20EE6B20594D3400EC9788 /* Build configuration list for PBXProject "MovieProj" */ = {
			isa = XCConfigurationList;
			buildConfigurations = (
				FA20EE8020594D3400EC9788 /* Debug */,
				FA20EE8120594D3400EC9788 /* Release */,
			);
			defaultConfigurationIsVisible = 0;
			defaultConfigurationName = Release;
		};
		FA20EE8220594D3400EC9788 /* Build configuration list for PBXNativeTarget "MovieProj" */ = {
			isa = XCConfigurationList;
			buildConfigurations = (
				FA20EE8320594D3400EC9788 /* Debug */,
				FA20EE8420594D3400EC9788 /* Release */,
			);
			defaultConfigurationIsVisible = 0;
			defaultConfigurationName = Release;
		};
/* End XCConfigurationList section */

/* Begin XCVersionGroup section */
		FA20EE8C2059508F00EC9788 /* MovieSeenData.xcdatamodeld */ = {
			isa = XCVersionGroup;
			children = (
				FA20EE8D2059508F00EC9788 /* MovieSeenData.xcdatamodel */,
			);
			currentVersion = FA20EE8D2059508F00EC9788 /* MovieSeenData.xcdatamodel */;
			path = MovieSeenData.xcdatamodeld;
			sourceTree = "<group>";
			versionGroupType = wrapper.xcdatamodel;
		};
/* End XCVersionGroup section */
	};
	rootObject = FA20EE6820594D3400EC9788 /* Project object */;
}
